
Microsoft Visual Studio Solution File, Format Version 12.00
# Visual Studio Version 17
VisualStudioVersion = 17.10.35013.160
MinimumVisualStudioVersion = 10.0.40219.1
Project("{FAE04EC0-301F-11D3-BF4B-00C04F79EFBC}") = "Cohort4-Task5", "Cohort4-Task5\Cohort4-Task5.csproj", "{C511813C-4F33-44B0-AD40-FDDFD629F83A}"
EndProject
Global
	GlobalSection(SolutionConfigurationPlatforms) = preSolution
		Debug|Any CPU = Debug|Any CPU
		Release|Any CPU = Release|Any CPU
	EndGlobalSection
	GlobalSection(ProjectConfigurationPlatforms) = postSolution
		{C511813C-4F33-44B0-AD40-FDDFD629F83A}.Debug|Any CPU.ActiveCfg = Debug|Any CPU
		{C511813C-4F33-44B0-AD40-FDDFD629F83A}.Debug|Any CPU.Build.0 = Debug|Any CPU
		{C511813C-4F33-44B0-AD40-FDDFD629F83A}.Release|Any CPU.ActiveCfg = Release|Any CPU
		{C511813C-4F33-44B0-AD40-FDDFD629F83A}.Release|Any CPU.Build.0 = Release|Any CPU
	EndGlobalSection
	GlobalSection(SolutionProperties) = preSolution
		HideSolutionNode = FALSE
	EndGlobalSection
	GlobalSection(ExtensibilityGlobals) = postSolution
		SolutionGuid = {F73554FB-5938-460D-9522-F26349A34C7D}
	EndGlobalSection
EndGlobal
