
Microsoft Visual Studio Solution File, Format Version 12.00
# Visual Studio Version 17
VisualStudioVersion = 17.10.35013.160
MinimumVisualStudioVersion = 10.0.40219.1
Project("{FAE04EC0-301F-11D3-BF4B-00C04F79EFBC}") = "Cohort4-Task1", "Cohort4-Task1\Cohort4-Task1.csproj", "{1AE4AFC2-9833-4444-9D0B-8B76CBA64BBF}"
EndProject
Global
	GlobalSection(SolutionConfigurationPlatforms) = preSolution
		Debug|Any CPU = Debug|Any CPU
		Release|Any CPU = Release|Any CPU
	EndGlobalSection
	GlobalSection(ProjectConfigurationPlatforms) = postSolution
		{1AE4AFC2-9833-4444-9D0B-8B76CBA64BBF}.Debug|Any CPU.ActiveCfg = Debug|Any CPU
		{1AE4AFC2-9833-4444-9D0B-8B76CBA64BBF}.Debug|Any CPU.Build.0 = Debug|Any CPU
		{1AE4AFC2-9833-4444-9D0B-8B76CBA64BBF}.Release|Any CPU.ActiveCfg = Release|Any CPU
		{1AE4AFC2-9833-4444-9D0B-8B76CBA64BBF}.Release|Any CPU.Build.0 = Release|Any CPU
	EndGlobalSection
	GlobalSection(SolutionProperties) = preSolution
		HideSolutionNode = FALSE
	EndGlobalSection
	GlobalSection(ExtensibilityGlobals) = postSolution
		SolutionGuid = {177AD061-F9C8-4C80-97D3-2C41C21D5586}
	EndGlobalSection
EndGlobal
