
Microsoft Visual Studio Solution File, Format Version 12.00
# Visual Studio Version 17
VisualStudioVersion = 17.10.35013.160
MinimumVisualStudioVersion = 10.0.40219.1
Project("{FAE04EC0-301F-11D3-BF4B-00C04F79EFBC}") = "Cohort4-Task6", "Cohort4-Task6\Cohort4-Task6.csproj", "{0184D417-0522-4A13-89AD-5899651F14B6}"
EndProject
Global
	GlobalSection(SolutionConfigurationPlatforms) = preSolution
		Debug|Any CPU = Debug|Any CPU
		Release|Any CPU = Release|Any CPU
	EndGlobalSection
	GlobalSection(ProjectConfigurationPlatforms) = postSolution
		{0184D417-0522-4A13-89AD-5899651F14B6}.Debug|Any CPU.ActiveCfg = Debug|Any CPU
		{0184D417-0522-4A13-89AD-5899651F14B6}.Debug|Any CPU.Build.0 = Debug|Any CPU
		{0184D417-0522-4A13-89AD-5899651F14B6}.Release|Any CPU.ActiveCfg = Release|Any CPU
		{0184D417-0522-4A13-89AD-5899651F14B6}.Release|Any CPU.Build.0 = Release|Any CPU
	EndGlobalSection
	GlobalSection(SolutionProperties) = preSolution
		HideSolutionNode = FALSE
	EndGlobalSection
	GlobalSection(ExtensibilityGlobals) = postSolution
		SolutionGuid = {8436B55E-AE6D-45E4-801A-8D7D6DC72C2E}
	EndGlobalSection
EndGlobal
