
Microsoft Visual Studio Solution File, Format Version 12.00
# Visual Studio Version 17
VisualStudioVersion = 17.10.35013.160
MinimumVisualStudioVersion = 10.0.40219.1
Project("{FAE04EC0-301F-11D3-BF4B-00C04F79EFBC}") = "Cohort4-Task3", "Cohort4-Task3\Cohort4-Task3.csproj", "{14575839-9FF3-417D-8A8C-278C1ACDE8F8}"
EndProject
Global
	GlobalSection(SolutionConfigurationPlatforms) = preSolution
		Debug|Any CPU = Debug|Any CPU
		Release|Any CPU = Release|Any CPU
	EndGlobalSection
	GlobalSection(ProjectConfigurationPlatforms) = postSolution
		{14575839-9FF3-417D-8A8C-278C1ACDE8F8}.Debug|Any CPU.ActiveCfg = Debug|Any CPU
		{14575839-9FF3-417D-8A8C-278C1ACDE8F8}.Debug|Any CPU.Build.0 = Debug|Any CPU
		{14575839-9FF3-417D-8A8C-278C1ACDE8F8}.Release|Any CPU.ActiveCfg = Release|Any CPU
		{14575839-9FF3-417D-8A8C-278C1ACDE8F8}.Release|Any CPU.Build.0 = Release|Any CPU
	EndGlobalSection
	GlobalSection(SolutionProperties) = preSolution
		HideSolutionNode = FALSE
	EndGlobalSection
	GlobalSection(ExtensibilityGlobals) = postSolution
		SolutionGuid = {54EA83B8-BE78-43BD-B0D6-AC287D9C61FB}
	EndGlobalSection
EndGlobal
